// !$*UTF8*$!
{
	archiveVersion = 1;
	classes = {
	};
	objectVersion = 60;
	objects = {

/* Begin PBXBuildFile section */
		0A1000010000000000000001 /* MyEchoAACApp.swift in Sources */ = {isa = PBXBuildFile; fileRef = 0A2000010000000000000001 /* MyEchoAACApp.swift */; };
		0A1000020000000000000001 /* AACWord.swift in Sources */ = {isa = PBXBuildFile; fileRef = 0A2000020000000000000001 /* AACWord.swift */; };
		0A1000030000000000000001 /* AACSettings.swift in Sources */ = {isa = PBXBuildFile; fileRef = 0A2000030000000000000001 /* AACSettings.swift */; };
		0A1000040000000000000001 /* AACStore.swift in Sources */ = {isa = PBXBuildFile; fileRef = 0A2000040000000000000001 /* AACStore.swift */; };
		0A1000050000000000000001 /* SpeechService.swift in Sources */ = {isa = PBXBuildFile; fileRef = 0A2000050000000000000001 /* SpeechService.swift */; };
		0A1000060000000000000001 /* KidModeView.swift in Sources */ = {isa = PBXBuildFile; fileRef = 0A2000060000000000000001 /* KidModeView.swift */; };
		0A1000070000000000000001 /* ParentModeView.swift in Sources */ = {isa = PBXBuildFile; fileRef = 0A2000070000000000000001 /* ParentModeView.swift */; };
		0A1000080000000000000001 /* WordTileView.swift in Sources */ = {isa = PBXBuildFile; fileRef = 0A2000080000000000000001 /* WordTileView.swift */; };
		0A1000090000000000000001 /* EditWordView.swift in Sources */ = {isa = PBXBuildFile; fileRef = 0A2000090000000000000001 /* EditWordView.swift */; };
		0A10000A0000000000000001 /* Assets.xcassets in Resources */ = {isa = PBXBuildFile; fileRef = 0A20000A0000000000000001 /* Assets.xcassets */; };
		0A10000B0000000000000001 /* Preview Assets.xcassets in Resources */ = {isa = PBXBuildFile; fileRef = 0A20000B0000000000000001 /* Preview Assets.xcassets */; };
		0A10000C0000000000000001 /* ImageStore.swift in Sources */ = {isa = PBXBuildFile; fileRef = 0A20000D0000000000000001 /* ImageStore.swift */; };
		0A10000D0000000000000001 /* CameraPicker.swift in Sources */ = {isa = PBXBuildFile; fileRef = 0A20000E0000000000000001 /* CameraPicker.swift */; };
		0A10000E0000000000000001 /* EmojiPickerView.swift in Sources */ = {isa = PBXBuildFile; fileRef = 0A20000F0000000000000001 /* EmojiPickerView.swift */; };
		0A10000F0000000000000001 /* PINStore.swift in Sources */ = {isa = PBXBuildFile; fileRef = 0A2000100000000000000001 /* PINStore.swift */; };
		0A1000100000000000000001 /* PINGateView.swift in Sources */ = {isa = PBXBuildFile; fileRef = 0A2000110000000000000001 /* PINGateView.swift */; };
		0A1000110000000000000001 /* Haptics.swift in Sources */ = {isa = PBXBuildFile; fileRef = 0A2000120000000000000001 /* Haptics.swift */; };
		0A1000120000000000000001 /* QuickPhrase.swift in Sources */ = {isa = PBXBuildFile; fileRef = 0A2000130000000000000001 /* QuickPhrase.swift */; };
		0A1000130000000000000001 /* BoardBackup.swift in Sources */ = {isa = PBXBuildFile; fileRef = 0A2000140000000000000001 /* BoardBackup.swift */; };
		0A1000140000000000000001 /* ShareSheet.swift in Sources */ = {isa = PBXBuildFile; fileRef = 0A2000150000000000000001 /* ShareSheet.swift */; };
		0A1000150000000000000001 /* UsageHistory.swift in Sources */ = {isa = PBXBuildFile; fileRef = 0A2000160000000000000001 /* UsageHistory.swift */; };
		0A1000180000000000000001 /* WelcomeView.swift in Sources */ = {isa = PBXBuildFile; fileRef = 0A2000190000000000000001 /* WelcomeView.swift */; };
		0A1000190000000000000001 /* SentenceHistorySheet.swift in Sources */ = {isa = PBXBuildFile; fileRef = 0A20001A0000000000000001 /* SentenceHistorySheet.swift */; };
		0A10001A0000000000000001 /* RoutinePacks.swift in Sources */ = {isa = PBXBuildFile; fileRef = 0A20001B0000000000000001 /* RoutinePacks.swift */; };
		0A10001B0000000000000001 /* AboutView.swift in Sources */ = {isa = PBXBuildFile; fileRef = 0A20001C0000000000000001 /* AboutView.swift */; };
		0A10001D0000000000000001 /* SignLanguage.swift in Sources */ = {isa = PBXBuildFile; fileRef = 0A20001D0000000000000001 /* SignLanguage.swift */; };
		0A10001E0000000000000001 /* SignVideoStore.swift in Sources */ = {isa = PBXBuildFile; fileRef = 0A20001E0000000000000001 /* SignVideoStore.swift */; };
		0A10001F0000000000000001 /* SignSearchService.swift in Sources */ = {isa = PBXBuildFile; fileRef = 0A20001F0000000000000001 /* SignSearchService.swift */; };
		0A1000200000000000000001 /* SignVideoView.swift in Sources */ = {isa = PBXBuildFile; fileRef = 0A2000200000000000000001 /* SignVideoView.swift */; };
		0A1000210000000000000001 /* SignPickerView.swift in Sources */ = {isa = PBXBuildFile; fileRef = 0A2000210000000000000001 /* SignPickerView.swift */; };
		0A1000220000000000000001 /* PronunciationService.swift in Sources */ = {isa = PBXBuildFile; fileRef = 0A2000220000000000000001 /* PronunciationService.swift */; };
		0A1000300000000000000001 /* DeviceID.swift in Sources */ = {isa = PBXBuildFile; fileRef = 0A2000300000000000000001 /* DeviceID.swift */; };
		0A1000310000000000000001 /* CloudModels.swift in Sources */ = {isa = PBXBuildFile; fileRef = 0A2000310000000000000001 /* CloudModels.swift */; };
		0A1000320000000000000001 /* CloudBackend.swift in Sources */ = {isa = PBXBuildFile; fileRef = 0A2000320000000000000001 /* CloudBackend.swift */; };
		0A1000330000000000000001 /* AuthService.swift in Sources */ = {isa = PBXBuildFile; fileRef = 0A2000330000000000000001 /* AuthService.swift */; };
		0A1000340000000000000001 /* CloudSyncService.swift in Sources */ = {isa = PBXBuildFile; fileRef = 0A2000340000000000000001 /* CloudSyncService.swift */; };
		0A1000350000000000000001 /* FirebaseBackend.swift in Sources */ = {isa = PBXBuildFile; fileRef = 0A2000350000000000000001 /* FirebaseBackend.swift */; };
		0A1000360000000000000001 /* AccountView.swift in Sources */ = {isa = PBXBuildFile; fileRef = 0A2000360000000000000001 /* AccountView.swift */; };
		0A1000370000000000000001 /* AuthSheet.swift in Sources */ = {isa = PBXBuildFile; fileRef = 0A2000370000000000000001 /* AuthSheet.swift */; };
		0A1000380000000000000001 /* GoogleService-Info.plist in Resources */ = {isa = PBXBuildFile; fileRef = 0A2000380000000000000001 /* GoogleService-Info.plist */; };
		0A1000390000000000000001 /* StarterVocabulary.swift in Sources */ = {isa = PBXBuildFile; fileRef = 0A2000400000000000000001 /* StarterVocabulary.swift */; };
		0A10003A0000000000000001 /* FolderTileView.swift in Sources */ = {isa = PBXBuildFile; fileRef = 0A2000410000000000000001 /* FolderTileView.swift */; };
		0A10003B0000000000000001 /* SymbolLibrary.swift in Sources */ = {isa = PBXBuildFile; fileRef = 0A2000420000000000000001 /* SymbolLibrary.swift */; };
		0A10003C0000000000000001 /* SymbolPickerView.swift in Sources */ = {isa = PBXBuildFile; fileRef = 0A2000430000000000000001 /* SymbolPickerView.swift */; };
		0A10003D0000000000000001 /* MessageComposer.swift in Sources */ = {isa = PBXBuildFile; fileRef = 0A2000440000000000000001 /* MessageComposer.swift */; };
		0A10003E0000000000000001 /* BoardSetStore.swift in Sources */ = {isa = PBXBuildFile; fileRef = 0A2000450000000000000001 /* BoardSetStore.swift */; };
		0A10003F0000000000000001 /* BoardSetsView.swift in Sources */ = {isa = PBXBuildFile; fileRef = 0A2000460000000000000001 /* BoardSetsView.swift */; };
		0AB100070000000000000001 /* BoardSetStoreTests.swift in Sources */ = {isa = PBXBuildFile; fileRef = 0AB200080000000000000001 /* BoardSetStoreTests.swift */; };
		0A1000400000000000000001 /* PredictionService.swift in Sources */ = {isa = PBXBuildFile; fileRef = 0A2000470000000000000001 /* PredictionService.swift */; };
		0AB100080000000000000001 /* PredictionServiceTests.swift in Sources */ = {isa = PBXBuildFile; fileRef = 0AB200090000000000000001 /* PredictionServiceTests.swift */; };
		0AB100010000000000000001 /* AACStoreTests.swift in Sources */ = {isa = PBXBuildFile; fileRef = 0AB200010000000000000001 /* AACStoreTests.swift */; };
		0AB100060000000000000001 /* MessageComposerTests.swift in Sources */ = {isa = PBXBuildFile; fileRef = 0AB200070000000000000001 /* MessageComposerTests.swift */; };
		0AC100010000000000000001 /* KidModeUITests.swift in Sources */ = {isa = PBXBuildFile; fileRef = 0AC200010000000000000001 /* KidModeUITests.swift */; };
		0AB100020000000000000001 /* PronunciationServiceTests.swift in Sources */ = {isa = PBXBuildFile; fileRef = 0AB200020000000000000001 /* PronunciationServiceTests.swift */; };
		0AB100030000000000000001 /* UsageHistoryTests.swift in Sources */ = {isa = PBXBuildFile; fileRef = 0AB200030000000000000001 /* UsageHistoryTests.swift */; };
		0AB100040000000000000001 /* BackupPayloadTests.swift in Sources */ = {isa = PBXBuildFile; fileRef = 0AB200040000000000000001 /* BackupPayloadTests.swift */; };
		0AB100050000000000000001 /* TestSupport.swift in Sources */ = {isa = PBXBuildFile; fileRef = 0AB200050000000000000001 /* TestSupport.swift */; };
		0AF000050000000000000001 /* FirebaseAuth in Frameworks */ = {isa = PBXBuildFile; productRef = 0AF000020000000000000001 /* FirebaseAuth */; };
		0AF000060000000000000001 /* FirebaseFirestore in Frameworks */ = {isa = PBXBuildFile; productRef = 0AF000030000000000000001 /* FirebaseFirestore */; };
		0AF000070000000000000001 /* FirebaseStorage in Frameworks */ = {isa = PBXBuildFile; productRef = 0AF000040000000000000001 /* FirebaseStorage */; };
/* End PBXBuildFile section */

/* Begin PBXContainerItemProxy section */
		0AB700010000000000000001 /* PBXContainerItemProxy */ = {
			isa = PBXContainerItemProxy;
			containerPortal = 0A8000010000000000000001 /* Project object */;
			proxyType = 1;
			remoteGlobalIDString = 0A5000010000000000000001;
			remoteInfo = MyEchoAAC;
		};
		0AC700010000000000000001 /* PBXContainerItemProxy */ = {
			isa = PBXContainerItemProxy;
			containerPortal = 0A8000010000000000000001 /* Project object */;
			proxyType = 1;
			remoteGlobalIDString = 0A5000010000000000000001;
			remoteInfo = MyEchoAAC;
		};
/* End PBXContainerItemProxy section */

/* Begin PBXFileReference section */
		0AB200010000000000000001 /* AACStoreTests.swift */ = {isa = PBXFileReference; lastKnownFileType = sourcecode.swift; path = AACStoreTests.swift; sourceTree = "<group>"; };
		0AB200020000000000000001 /* PronunciationServiceTests.swift */ = {isa = PBXFileReference; lastKnownFileType = sourcecode.swift; path = PronunciationServiceTests.swift; sourceTree = "<group>"; };
		0AB200030000000000000001 /* UsageHistoryTests.swift */ = {isa = PBXFileReference; lastKnownFileType = sourcecode.swift; path = UsageHistoryTests.swift; sourceTree = "<group>"; };
		0AB200040000000000000001 /* BackupPayloadTests.swift */ = {isa = PBXFileReference; lastKnownFileType = sourcecode.swift; path = BackupPayloadTests.swift; sourceTree = "<group>"; };
		0AB200050000000000000001 /* TestSupport.swift */ = {isa = PBXFileReference; lastKnownFileType = sourcecode.swift; path = TestSupport.swift; sourceTree = "<group>"; };
		0AB200060000000000000001 /* MyEchoAACTests.xctest */ = {isa = PBXFileReference; explicitFileType = wrapper.cfbundle; includeInIndex = 0; path = MyEchoAACTests.xctest; sourceTree = BUILT_PRODUCTS_DIR; };
		0AB200070000000000000001 /* MessageComposerTests.swift */ = {isa = PBXFileReference; lastKnownFileType = sourcecode.swift; path = MessageComposerTests.swift; sourceTree = "<group>"; };
		0A2000440000000000000001 /* MessageComposer.swift */ = {isa = PBXFileReference; lastKnownFileType = sourcecode.swift; path = MessageComposer.swift; sourceTree = "<group>"; };
		0A2000450000000000000001 /* BoardSetStore.swift */ = {isa = PBXFileReference; lastKnownFileType = sourcecode.swift; path = BoardSetStore.swift; sourceTree = "<group>"; };
		0A2000460000000000000001 /* BoardSetsView.swift */ = {isa = PBXFileReference; lastKnownFileType = sourcecode.swift; path = BoardSetsView.swift; sourceTree = "<group>"; };
		0AB200080000000000000001 /* BoardSetStoreTests.swift */ = {isa = PBXFileReference; lastKnownFileType = sourcecode.swift; path = BoardSetStoreTests.swift; sourceTree = "<group>"; };
		0A2000470000000000000001 /* PredictionService.swift */ = {isa = PBXFileReference; lastKnownFileType = sourcecode.swift; path = PredictionService.swift; sourceTree = "<group>"; };
		0AB200090000000000000001 /* PredictionServiceTests.swift */ = {isa = PBXFileReference; lastKnownFileType = sourcecode.swift; path = PredictionServiceTests.swift; sourceTree = "<group>"; };
		0AC200010000000000000001 /* KidModeUITests.swift */ = {isa = PBXFileReference; lastKnownFileType = sourcecode.swift; path = KidModeUITests.swift; sourceTree = "<group>"; };
		0AC200020000000000000001 /* MyEchoAACUITests.xctest */ = {isa = PBXFileReference; explicitFileType = wrapper.cfbundle; includeInIndex = 0; path = MyEchoAACUITests.xctest; sourceTree = BUILT_PRODUCTS_DIR; };
		0A2000010000000000000001 /* MyEchoAACApp.swift */ = {isa = PBXFileReference; lastKnownFileType = sourcecode.swift; path = MyEchoAACApp.swift; sourceTree = "<group>"; };
		0A2000020000000000000001 /* AACWord.swift */ = {isa = PBXFileReference; lastKnownFileType = sourcecode.swift; path = AACWord.swift; sourceTree = "<group>"; };
		0A2000030000000000000001 /* AACSettings.swift */ = {isa = PBXFileReference; lastKnownFileType = sourcecode.swift; path = AACSettings.swift; sourceTree = "<group>"; };
		0A2000040000000000000001 /* AACStore.swift */ = {isa = PBXFileReference; lastKnownFileType = sourcecode.swift; path = AACStore.swift; sourceTree = "<group>"; };
		0A2000050000000000000001 /* SpeechService.swift */ = {isa = PBXFileReference; lastKnownFileType = sourcecode.swift; path = SpeechService.swift; sourceTree = "<group>"; };
		0A2000060000000000000001 /* KidModeView.swift */ = {isa = PBXFileReference; lastKnownFileType = sourcecode.swift; path = KidModeView.swift; sourceTree = "<group>"; };
		0A2000070000000000000001 /* ParentModeView.swift */ = {isa = PBXFileReference; lastKnownFileType = sourcecode.swift; path = ParentModeView.swift; sourceTree = "<group>"; };
		0A2000080000000000000001 /* WordTileView.swift */ = {isa = PBXFileReference; lastKnownFileType = sourcecode.swift; path = WordTileView.swift; sourceTree = "<group>"; };
		0A2000090000000000000001 /* EditWordView.swift */ = {isa = PBXFileReference; lastKnownFileType = sourcecode.swift; path = EditWordView.swift; sourceTree = "<group>"; };
		0A20000A0000000000000001 /* Assets.xcassets */ = {isa = PBXFileReference; lastKnownFileType = folder.assetcatalog; path = Assets.xcassets; sourceTree = "<group>"; };
		0A20000B0000000000000001 /* Preview Assets.xcassets */ = {isa = PBXFileReference; lastKnownFileType = folder.assetcatalog; path = "Preview Assets.xcassets"; sourceTree = "<group>"; };
		0A20000C0000000000000001 /* MyEchoAAC.app */ = {isa = PBXFileReference; explicitFileType = wrapper.application; includeInIndex = 0; path = MyEchoAAC.app; sourceTree = BUILT_PRODUCTS_DIR; };
		0A20000D0000000000000001 /* ImageStore.swift */ = {isa = PBXFileReference; lastKnownFileType = sourcecode.swift; path = ImageStore.swift; sourceTree = "<group>"; };
		0A20000E0000000000000001 /* CameraPicker.swift */ = {isa = PBXFileReference; lastKnownFileType = sourcecode.swift; path = CameraPicker.swift; sourceTree = "<group>"; };
		0A20000F0000000000000001 /* EmojiPickerView.swift */ = {isa = PBXFileReference; lastKnownFileType = sourcecode.swift; path = EmojiPickerView.swift; sourceTree = "<group>"; };
		0A2000100000000000000001 /* PINStore.swift */ = {isa = PBXFileReference; lastKnownFileType = sourcecode.swift; path = PINStore.swift; sourceTree = "<group>"; };
		0A2000110000000000000001 /* PINGateView.swift */ = {isa = PBXFileReference; lastKnownFileType = sourcecode.swift; path = PINGateView.swift; sourceTree = "<group>"; };
		0A2000120000000000000001 /* Haptics.swift */ = {isa = PBXFileReference; lastKnownFileType = sourcecode.swift; path = Haptics.swift; sourceTree = "<group>"; };
		0A2000130000000000000001 /* QuickPhrase.swift */ = {isa = PBXFileReference; lastKnownFileType = sourcecode.swift; path = QuickPhrase.swift; sourceTree = "<group>"; };
		0A2000140000000000000001 /* BoardBackup.swift */ = {isa = PBXFileReference; lastKnownFileType = sourcecode.swift; path = BoardBackup.swift; sourceTree = "<group>"; };
		0A2000150000000000000001 /* ShareSheet.swift */ = {isa = PBXFileReference; lastKnownFileType = sourcecode.swift; path = ShareSheet.swift; sourceTree = "<group>"; };
		0A2000160000000000000001 /* UsageHistory.swift */ = {isa = PBXFileReference; lastKnownFileType = sourcecode.swift; path = UsageHistory.swift; sourceTree = "<group>"; };
		0A2000190000000000000001 /* WelcomeView.swift */ = {isa = PBXFileReference; lastKnownFileType = sourcecode.swift; path = WelcomeView.swift; sourceTree = "<group>"; };
		0A20001A0000000000000001 /* SentenceHistorySheet.swift */ = {isa = PBXFileReference; lastKnownFileType = sourcecode.swift; path = SentenceHistorySheet.swift; sourceTree = "<group>"; };
		0A20001B0000000000000001 /* RoutinePacks.swift */ = {isa = PBXFileReference; lastKnownFileType = sourcecode.swift; path = RoutinePacks.swift; sourceTree = "<group>"; };
		0A20001C0000000000000001 /* AboutView.swift */ = {isa = PBXFileReference; lastKnownFileType = sourcecode.swift; path = AboutView.swift; sourceTree = "<group>"; };
		0A20001D0000000000000001 /* SignLanguage.swift */ = {isa = PBXFileReference; lastKnownFileType = sourcecode.swift; path = SignLanguage.swift; sourceTree = "<group>"; };
		0A20001E0000000000000001 /* SignVideoStore.swift */ = {isa = PBXFileReference; lastKnownFileType = sourcecode.swift; path = SignVideoStore.swift; sourceTree = "<group>"; };
		0A20001F0000000000000001 /* SignSearchService.swift */ = {isa = PBXFileReference; lastKnownFileType = sourcecode.swift; path = SignSearchService.swift; sourceTree = "<group>"; };
		0A2000200000000000000001 /* SignVideoView.swift */ = {isa = PBXFileReference; lastKnownFileType = sourcecode.swift; path = SignVideoView.swift; sourceTree = "<group>"; };
		0A2000210000000000000001 /* SignPickerView.swift */ = {isa = PBXFileReference; lastKnownFileType = sourcecode.swift; path = SignPickerView.swift; sourceTree = "<group>"; };
		0A2000220000000000000001 /* PronunciationService.swift */ = {isa = PBXFileReference; lastKnownFileType = sourcecode.swift; path = PronunciationService.swift; sourceTree = "<group>"; };
		0A2000300000000000000001 /* DeviceID.swift */ = {isa = PBXFileReference; lastKnownFileType = sourcecode.swift; path = DeviceID.swift; sourceTree = "<group>"; };
		0A2000310000000000000001 /* CloudModels.swift */ = {isa = PBXFileReference; lastKnownFileType = sourcecode.swift; path = CloudModels.swift; sourceTree = "<group>"; };
		0A2000320000000000000001 /* CloudBackend.swift */ = {isa = PBXFileReference; lastKnownFileType = sourcecode.swift; path = CloudBackend.swift; sourceTree = "<group>"; };
		0A2000330000000000000001 /* AuthService.swift */ = {isa = PBXFileReference; lastKnownFileType = sourcecode.swift; path = AuthService.swift; sourceTree = "<group>"; };
		0A2000340000000000000001 /* CloudSyncService.swift */ = {isa = PBXFileReference; lastKnownFileType = sourcecode.swift; path = CloudSyncService.swift; sourceTree = "<group>"; };
		0A2000350000000000000001 /* FirebaseBackend.swift */ = {isa = PBXFileReference; lastKnownFileType = sourcecode.swift; path = FirebaseBackend.swift; sourceTree = "<group>"; };
		0A2000360000000000000001 /* AccountView.swift */ = {isa = PBXFileReference; lastKnownFileType = sourcecode.swift; path = AccountView.swift; sourceTree = "<group>"; };
		0A2000370000000000000001 /* AuthSheet.swift */ = {isa = PBXFileReference; lastKnownFileType = sourcecode.swift; path = AuthSheet.swift; sourceTree = "<group>"; };
		0A2000380000000000000001 /* GoogleService-Info.plist */ = {isa = PBXFileReference; lastKnownFileType = text.plist.xml; path = "GoogleService-Info.plist"; sourceTree = "<group>"; };
		0A2000390000000000000001 /* MyEchoAAC.entitlements */ = {isa = PBXFileReference; lastKnownFileType = text.plist.entitlements; path = MyEchoAAC.entitlements; sourceTree = "<group>"; };
		0A2000400000000000000001 /* StarterVocabulary.swift */ = {isa = PBXFileReference; lastKnownFileType = sourcecode.swift; path = StarterVocabulary.swift; sourceTree = "<group>"; };
		0A2000410000000000000001 /* FolderTileView.swift */ = {isa = PBXFileReference; lastKnownFileType = sourcecode.swift; path = FolderTileView.swift; sourceTree = "<group>"; };
		0A2000420000000000000001 /* SymbolLibrary.swift */ = {isa = PBXFileReference; lastKnownFileType = sourcecode.swift; path = SymbolLibrary.swift; sourceTree = "<group>"; };
		0A2000430000000000000001 /* SymbolPickerView.swift */ = {isa = PBXFileReference; lastKnownFileType = sourcecode.swift; path = SymbolPickerView.swift; sourceTree = "<group>"; };
/* End PBXFileReference section */

/* Begin PBXFrameworksBuildPhase section */
		0A3000010000000000000001 /* Frameworks */ = {
			isa = PBXFrameworksBuildPhase;
			buildActionMask = 2147483647;
			files = (
				0AF000050000000000000001 /* FirebaseAuth in Frameworks */,
				0AF000060000000000000001 /* FirebaseFirestore in Frameworks */,
				0AF000070000000000000001 /* FirebaseStorage in Frameworks */,
			);
			runOnlyForDeploymentPostprocessing = 0;
		};
		0AB500010000000000000001 /* Frameworks */ = {
			isa = PBXFrameworksBuildPhase;
			buildActionMask = 2147483647;
			files = (
			);
			runOnlyForDeploymentPostprocessing = 0;
		};
		0AC500010000000000000001 /* Frameworks */ = {
			isa = PBXFrameworksBuildPhase;
			buildActionMask = 2147483647;
			files = (
			);
			runOnlyForDeploymentPostprocessing = 0;
		};
/* End PBXFrameworksBuildPhase section */

/* Begin PBXGroup section */
		0A4000010000000000000001 = {
			isa = PBXGroup;
			children = (
				0A4000020000000000000001 /* MyEchoAAC */,
				0AB300010000000000000001 /* MyEchoAACTests */,
				0AC300010000000000000001 /* MyEchoAACUITests */,
				0A4000070000000000000001 /* Products */,
			);
			sourceTree = "<group>";
		};
		0AC300010000000000000001 /* MyEchoAACUITests */ = {
			isa = PBXGroup;
			children = (
				0AC200010000000000000001 /* KidModeUITests.swift */,
			);
			path = MyEchoAACUITests;
			sourceTree = "<group>";
		};
		0AB300010000000000000001 /* MyEchoAACTests */ = {
			isa = PBXGroup;
			children = (
				0AB200050000000000000001 /* TestSupport.swift */,
				0AB200010000000000000001 /* AACStoreTests.swift */,
				0AB200070000000000000001 /* MessageComposerTests.swift */,
				0AB200020000000000000001 /* PronunciationServiceTests.swift */,
				0AB200030000000000000001 /* UsageHistoryTests.swift */,
				0AB200040000000000000001 /* BackupPayloadTests.swift */,
				0AB200080000000000000001 /* BoardSetStoreTests.swift */,
				0AB200090000000000000001 /* PredictionServiceTests.swift */,
			);
			path = MyEchoAACTests;
			sourceTree = "<group>";
		};
		0A4000020000000000000001 /* MyEchoAAC */ = {
			isa = PBXGroup;
			children = (
				0A2000010000000000000001 /* MyEchoAACApp.swift */,
				0A2000380000000000000001 /* GoogleService-Info.plist */,
				0A2000390000000000000001 /* MyEchoAAC.entitlements */,
				0A4000030000000000000001 /* Models */,
				0A4000040000000000000001 /* Services */,
				0A4000050000000000000001 /* Views */,
				0A20000A0000000000000001 /* Assets.xcassets */,
				0A4000060000000000000001 /* Preview Content */,
			);
			path = MyEchoAAC;
			sourceTree = "<group>";
		};
		0A4000030000000000000001 /* Models */ = {
			isa = PBXGroup;
			children = (
				0A2000020000000000000001 /* AACWord.swift */,
				0A2000030000000000000001 /* AACSettings.swift */,
				0A2000040000000000000001 /* AACStore.swift */,
				0A2000440000000000000001 /* MessageComposer.swift */,
				0A2000130000000000000001 /* QuickPhrase.swift */,
				0A20001D0000000000000001 /* SignLanguage.swift */,
			);
			path = Models;
			sourceTree = "<group>";
		};
		0A4000040000000000000001 /* Services */ = {
			isa = PBXGroup;
			children = (
				0A2000050000000000000001 /* SpeechService.swift */,
				0A20000D0000000000000001 /* ImageStore.swift */,
				0A2000100000000000000001 /* PINStore.swift */,
				0A2000120000000000000001 /* Haptics.swift */,
				0A2000140000000000000001 /* BoardBackup.swift */,
				0A2000450000000000000001 /* BoardSetStore.swift */,
				0A2000160000000000000001 /* UsageHistory.swift */,
				0A20001B0000000000000001 /* RoutinePacks.swift */,
				0A20001E0000000000000001 /* SignVideoStore.swift */,
				0A20001F0000000000000001 /* SignSearchService.swift */,
				0A2000220000000000000001 /* PronunciationService.swift */,
				0A2000470000000000000001 /* PredictionService.swift */,
				0A2000300000000000000001 /* DeviceID.swift */,
				0A2000310000000000000001 /* CloudModels.swift */,
				0A2000320000000000000001 /* CloudBackend.swift */,
				0A2000330000000000000001 /* AuthService.swift */,
				0A2000340000000000000001 /* CloudSyncService.swift */,
				0A2000350000000000000001 /* FirebaseBackend.swift */,
				0A2000400000000000000001 /* StarterVocabulary.swift */,
				0A2000420000000000000001 /* SymbolLibrary.swift */,
			);
			path = Services;
			sourceTree = "<group>";
		};
		0A4000050000000000000001 /* Views */ = {
			isa = PBXGroup;
			children = (
				0A2000060000000000000001 /* KidModeView.swift */,
				0A2000070000000000000001 /* ParentModeView.swift */,
				0A2000080000000000000001 /* WordTileView.swift */,
				0A2000410000000000000001 /* FolderTileView.swift */,
				0A2000430000000000000001 /* SymbolPickerView.swift */,
				0A2000460000000000000001 /* BoardSetsView.swift */,
				0A2000090000000000000001 /* EditWordView.swift */,
				0A20000E0000000000000001 /* CameraPicker.swift */,
				0A20000F0000000000000001 /* EmojiPickerView.swift */,
				0A2000110000000000000001 /* PINGateView.swift */,
				0A2000150000000000000001 /* ShareSheet.swift */,
				0A2000190000000000000001 /* WelcomeView.swift */,
				0A20001A0000000000000001 /* SentenceHistorySheet.swift */,
				0A20001C0000000000000001 /* AboutView.swift */,
				0A2000200000000000000001 /* SignVideoView.swift */,
				0A2000210000000000000001 /* SignPickerView.swift */,
				0A2000360000000000000001 /* AccountView.swift */,
				0A2000370000000000000001 /* AuthSheet.swift */,
			);
			path = Views;
			sourceTree = "<group>";
		};
		0A4000060000000000000001 /* Preview Content */ = {
			isa = PBXGroup;
			children = (
				0A20000B0000000000000001 /* Preview Assets.xcassets */,
			);
			path = "Preview Content";
			sourceTree = "<group>";
		};
		0A4000070000000000000001 /* Products */ = {
			isa = PBXGroup;
			children = (
				0A20000C0000000000000001 /* MyEchoAAC.app */,
				0AB200060000000000000001 /* MyEchoAACTests.xctest */,
				0AC200020000000000000001 /* MyEchoAACUITests.xctest */,
			);
			name = Products;
			sourceTree = "<group>";
		};
/* End PBXGroup section */

/* Begin PBXNativeTarget section */
		0A5000010000000000000001 /* MyEchoAAC */ = {
			isa = PBXNativeTarget;
			buildConfigurationList = 0A9000020000000000000001 /* Build configuration list for PBXNativeTarget "MyEchoAAC" */;
			buildPhases = (
				0A6000010000000000000001 /* Sources */,
				0A3000010000000000000001 /* Frameworks */,
				0A7000010000000000000001 /* Resources */,
			);
			buildRules = (
			);
			dependencies = (
			);
			name = MyEchoAAC;
			packageProductDependencies = (
				0AF000020000000000000001 /* FirebaseAuth */,
				0AF000030000000000000001 /* FirebaseFirestore */,
				0AF000040000000000000001 /* FirebaseStorage */,
			);
			productName = MyEchoAAC;
			productReference = 0A20000C0000000000000001 /* MyEchoAAC.app */;
			productType = "com.apple.product-type.application";
		};
		0AB600010000000000000001 /* MyEchoAACTests */ = {
			isa = PBXNativeTarget;
			buildConfigurationList = 0AB900010000000000000001 /* Build configuration list for PBXNativeTarget "MyEchoAACTests" */;
			buildPhases = (
				0AB400010000000000000001 /* Sources */,
				0AB500010000000000000001 /* Frameworks */,
			);
			buildRules = (
			);
			dependencies = (
				0AB800010000000000000001 /* PBXTargetDependency */,
			);
			name = MyEchoAACTests;
			productName = MyEchoAACTests;
			productReference = 0AB200060000000000000001 /* MyEchoAACTests.xctest */;
			productType = "com.apple.product-type.bundle.unit-test";
		};
		0AC600010000000000000001 /* MyEchoAACUITests */ = {
			isa = PBXNativeTarget;
			buildConfigurationList = 0AC900010000000000000001 /* Build configuration list for PBXNativeTarget "MyEchoAACUITests" */;
			buildPhases = (
				0AC400010000000000000001 /* Sources */,
				0AC500010000000000000001 /* Frameworks */,
			);
			buildRules = (
			);
			dependencies = (
				0AC800010000000000000001 /* PBXTargetDependency */,
			);
			name = MyEchoAACUITests;
			productName = MyEchoAACUITests;
			productReference = 0AC200020000000000000001 /* MyEchoAACUITests.xctest */;
			productType = "com.apple.product-type.bundle.ui-testing";
		};
/* End PBXNativeTarget section */

/* Begin PBXProject section */
		0A8000010000000000000001 /* Project object */ = {
			isa = PBXProject;
			attributes = {
				BuildIndependentTargetsInParallel = 1;
				LastSwiftUpdateCheck = 2650;
				LastUpgradeCheck = 2650;
				TargetAttributes = {
					0A5000010000000000000001 = {
						CreatedOnToolsVersion = 26.5;
					};
					0AB600010000000000000001 = {
						CreatedOnToolsVersion = 26.5;
						TestTargetID = 0A5000010000000000000001;
					};
					0AC600010000000000000001 = {
						CreatedOnToolsVersion = 26.5;
						TestTargetID = 0A5000010000000000000001;
					};
				};
			};
			buildConfigurationList = 0A9000010000000000000001 /* Build configuration list for PBXProject "MyEchoAAC" */;
			compatibilityVersion = "Xcode 15.0";
			developmentRegion = en;
			hasScannedForEncodings = 0;
			knownRegions = (
				en,
				Base,
			);
			mainGroup = 0A4000010000000000000001;
			packageReferences = (
				0AF000010000000000000001 /* XCRemoteSwiftPackageReference "firebase-ios-sdk" */,
			);
			productRefGroup = 0A4000070000000000000001 /* Products */;
			projectDirPath = "";
			projectRoot = "";
			targets = (
				0A5000010000000000000001 /* MyEchoAAC */,
				0AB600010000000000000001 /* MyEchoAACTests */,
				0AC600010000000000000001 /* MyEchoAACUITests */,
			);
		};
/* End PBXProject section */

/* Begin PBXResourcesBuildPhase section */
		0A7000010000000000000001 /* Resources */ = {
			isa = PBXResourcesBuildPhase;
			buildActionMask = 2147483647;
			files = (
				0A10000A0000000000000001 /* Assets.xcassets in Resources */,
				0A10000B0000000000000001 /* Preview Assets.xcassets in Resources */,
				0A1000380000000000000001 /* GoogleService-Info.plist in Resources */,
			);
			runOnlyForDeploymentPostprocessing = 0;
		};
/* End PBXResourcesBuildPhase section */

/* Begin PBXSourcesBuildPhase section */
		0A6000010000000000000001 /* Sources */ = {
			isa = PBXSourcesBuildPhase;
			buildActionMask = 2147483647;
			files = (
				0A1000010000000000000001 /* MyEchoAACApp.swift in Sources */,
				0A1000020000000000000001 /* AACWord.swift in Sources */,
				0A1000030000000000000001 /* AACSettings.swift in Sources */,
				0A1000040000000000000001 /* AACStore.swift in Sources */,
				0A10003D0000000000000001 /* MessageComposer.swift in Sources */,
				0A1000050000000000000001 /* SpeechService.swift in Sources */,
				0A1000060000000000000001 /* KidModeView.swift in Sources */,
				0A1000070000000000000001 /* ParentModeView.swift in Sources */,
				0A1000080000000000000001 /* WordTileView.swift in Sources */,
				0A1000090000000000000001 /* EditWordView.swift in Sources */,
				0A10000C0000000000000001 /* ImageStore.swift in Sources */,
				0A10000D0000000000000001 /* CameraPicker.swift in Sources */,
				0A10000E0000000000000001 /* EmojiPickerView.swift in Sources */,
				0A10000F0000000000000001 /* PINStore.swift in Sources */,
				0A1000100000000000000001 /* PINGateView.swift in Sources */,
				0A1000110000000000000001 /* Haptics.swift in Sources */,
				0A1000120000000000000001 /* QuickPhrase.swift in Sources */,
				0A1000130000000000000001 /* BoardBackup.swift in Sources */,
				0A10003E0000000000000001 /* BoardSetStore.swift in Sources */,
				0A10003F0000000000000001 /* BoardSetsView.swift in Sources */,
				0A1000140000000000000001 /* ShareSheet.swift in Sources */,
				0A1000150000000000000001 /* UsageHistory.swift in Sources */,
				0A1000180000000000000001 /* WelcomeView.swift in Sources */,
				0A1000190000000000000001 /* SentenceHistorySheet.swift in Sources */,
				0A10001A0000000000000001 /* RoutinePacks.swift in Sources */,
				0A10001B0000000000000001 /* AboutView.swift in Sources */,
				0A10001D0000000000000001 /* SignLanguage.swift in Sources */,
				0A10001E0000000000000001 /* SignVideoStore.swift in Sources */,
				0A10001F0000000000000001 /* SignSearchService.swift in Sources */,
				0A1000200000000000000001 /* SignVideoView.swift in Sources */,
				0A1000210000000000000001 /* SignPickerView.swift in Sources */,
				0A1000220000000000000001 /* PronunciationService.swift in Sources */,
				0A1000400000000000000001 /* PredictionService.swift in Sources */,
				0A1000300000000000000001 /* DeviceID.swift in Sources */,
				0A1000310000000000000001 /* CloudModels.swift in Sources */,
				0A1000320000000000000001 /* CloudBackend.swift in Sources */,
				0A1000330000000000000001 /* AuthService.swift in Sources */,
				0A1000340000000000000001 /* CloudSyncService.swift in Sources */,
				0A1000350000000000000001 /* FirebaseBackend.swift in Sources */,
				0A1000360000000000000001 /* AccountView.swift in Sources */,
				0A1000370000000000000001 /* AuthSheet.swift in Sources */,
				0A1000390000000000000001 /* StarterVocabulary.swift in Sources */,
				0A10003A0000000000000001 /* FolderTileView.swift in Sources */,
				0A10003B0000000000000001 /* SymbolLibrary.swift in Sources */,
				0A10003C0000000000000001 /* SymbolPickerView.swift in Sources */,
			);
			runOnlyForDeploymentPostprocessing = 0;
		};
		0AB400010000000000000001 /* Sources */ = {
			isa = PBXSourcesBuildPhase;
			buildActionMask = 2147483647;
			files = (
				0AB100050000000000000001 /* TestSupport.swift in Sources */,
				0AB100010000000000000001 /* AACStoreTests.swift in Sources */,
				0AB100060000000000000001 /* MessageComposerTests.swift in Sources */,
				0AB100020000000000000001 /* PronunciationServiceTests.swift in Sources */,
				0AB100030000000000000001 /* UsageHistoryTests.swift in Sources */,
				0AB100040000000000000001 /* BackupPayloadTests.swift in Sources */,
				0AB100070000000000000001 /* BoardSetStoreTests.swift in Sources */,
				0AB100080000000000000001 /* PredictionServiceTests.swift in Sources */,
			);
			runOnlyForDeploymentPostprocessing = 0;
		};
		0AC400010000000000000001 /* Sources */ = {
			isa = PBXSourcesBuildPhase;
			buildActionMask = 2147483647;
			files = (
				0AC100010000000000000001 /* KidModeUITests.swift in Sources */,
			);
			runOnlyForDeploymentPostprocessing = 0;
		};
/* End PBXSourcesBuildPhase section */

/* Begin PBXTargetDependency section */
		0AB800010000000000000001 /* PBXTargetDependency */ = {
			isa = PBXTargetDependency;
			target = 0A5000010000000000000001 /* MyEchoAAC */;
			targetProxy = 0AB700010000000000000001 /* PBXContainerItemProxy */;
		};
		0AC800010000000000000001 /* PBXTargetDependency */ = {
			isa = PBXTargetDependency;
			target = 0A5000010000000000000001 /* MyEchoAAC */;
			targetProxy = 0AC700010000000000000001 /* PBXContainerItemProxy */;
		};
/* End PBXTargetDependency section */

/* Begin XCBuildConfiguration section */
		0A9000030000000000000001 /* Debug */ = {
			isa = XCBuildConfiguration;
			buildSettings = {
				ALWAYS_SEARCH_USER_PATHS = NO;
				CLANG_ANALYZER_NONNULL = YES;
				CLANG_ANALYZER_NUMBER_OBJECT_CONVERSION = YES_AGGRESSIVE;
				CLANG_CXX_LANGUAGE_STANDARD = "gnu++20";
				CLANG_ENABLE_MODULES = YES;
				CLANG_ENABLE_OBJC_ARC = YES;
				CLANG_ENABLE_OBJC_WEAK = YES;
				CLANG_WARN_BLOCK_CAPTURE_AUTORELEASING = YES;
				CLANG_WARN_BOOL_CONVERSION = YES;
				CLANG_WARN_COMMA = YES;
				CLANG_WARN_CONSTANT_CONVERSION = YES;
				CLANG_WARN_DEPRECATED_OBJC_IMPLEMENTATIONS = YES;
				CLANG_WARN_DIRECT_OBJC_ISA_USAGE = YES_ERROR;
				CLANG_WARN_DOCUMENTATION_COMMENTS = YES;
				CLANG_WARN_EMPTY_BODY = YES;
				CLANG_WARN_ENUM_CONVERSION = YES;
				CLANG_WARN_INFINITE_RECURSION = YES;
				CLANG_WARN_INT_CONVERSION = YES;
				CLANG_WARN_NON_LITERAL_NULL_CONVERSION = YES;
				CLANG_WARN_OBJC_IMPLICIT_RETAIN_SELF = YES;
				CLANG_WARN_OBJC_LITERAL_CONVERSION = YES;
				CLANG_WARN_OBJC_ROOT_CLASS = YES_ERROR;
				CLANG_WARN_QUOTED_INCLUDE_IN_FRAMEWORK_HEADER = YES;
				CLANG_WARN_RANGE_LOOP_ANALYSIS = YES;
				CLANG_WARN_STRICT_PROTOTYPES = YES;
				CLANG_WARN_SUSPICIOUS_MOVE = YES;
				CLANG_WARN_UNGUARDED_AVAILABILITY = YES_AGGRESSIVE;
				CLANG_WARN_UNREACHABLE_CODE = YES;
				CLANG_WARN__DUPLICATE_METHOD_MATCH = YES;
				COPY_PHASE_STRIP = NO;
				DEBUG_INFORMATION_FORMAT = dwarf;
				ENABLE_STRICT_OBJC_MSGSEND = YES;
				ENABLE_TESTABILITY = YES;
				ENABLE_USER_SCRIPT_SANDBOXING = YES;
				GCC_C_LANGUAGE_STANDARD = gnu17;
				GCC_DYNAMIC_NO_PIC = NO;
				GCC_NO_COMMON_BLOCKS = YES;
				GCC_OPTIMIZATION_LEVEL = 0;
				GCC_PREPROCESSOR_DEFINITIONS = (
					"DEBUG=1",
					"$(inherited)",
				);
				GCC_WARN_64_TO_32_BIT_CONVERSION = YES;
				GCC_WARN_ABOUT_RETURN_TYPE = YES_ERROR;
				GCC_WARN_UNDECLARED_SELECTOR = YES;
				GCC_WARN_UNINITIALIZED_AUTOS = YES_AGGRESSIVE;
				GCC_WARN_UNUSED_FUNCTION = YES;
				GCC_WARN_UNUSED_VARIABLE = YES;
				IPHONEOS_DEPLOYMENT_TARGET = 17.0;
				MTL_ENABLE_DEBUG_INFO = INCLUDE_SOURCE;
				MTL_FAST_MATH = YES;
				ONLY_ACTIVE_ARCH = YES;
				SDKROOT = iphoneos;
				SWIFT_ACTIVE_COMPILATION_CONDITIONS = DEBUG;
				SWIFT_OPTIMIZATION_LEVEL = "-Onone";
			};
			name = Debug;
		};
		0A9000040000000000000001 /* Release */ = {
			isa = XCBuildConfiguration;
			buildSettings = {
				ALWAYS_SEARCH_USER_PATHS = NO;
				CLANG_ANALYZER_NONNULL = YES;
				CLANG_ANALYZER_NUMBER_OBJECT_CONVERSION = YES_AGGRESSIVE;
				CLANG_CXX_LANGUAGE_STANDARD = "gnu++20";
				CLANG_ENABLE_MODULES = YES;
				CLANG_ENABLE_OBJC_ARC = YES;
				CLANG_ENABLE_OBJC_WEAK = YES;
				CLANG_WARN_BLOCK_CAPTURE_AUTORELEASING = YES;
				CLANG_WARN_BOOL_CONVERSION = YES;
				CLANG_WARN_COMMA = YES;
				CLANG_WARN_CONSTANT_CONVERSION = YES;
				CLANG_WARN_DEPRECATED_OBJC_IMPLEMENTATIONS = YES;
				CLANG_WARN_DIRECT_OBJC_ISA_USAGE = YES_ERROR;
				CLANG_WARN_DOCUMENTATION_COMMENTS = YES;
				CLANG_WARN_EMPTY_BODY = YES;
				CLANG_WARN_ENUM_CONVERSION = YES;
				CLANG_WARN_INFINITE_RECURSION = YES;
				CLANG_WARN_INT_CONVERSION = YES;
				CLANG_WARN_NON_LITERAL_NULL_CONVERSION = YES;
				CLANG_WARN_OBJC_IMPLICIT_RETAIN_SELF = YES;
				CLANG_WARN_OBJC_LITERAL_CONVERSION = YES;
				CLANG_WARN_OBJC_ROOT_CLASS = YES_ERROR;
				CLANG_WARN_QUOTED_INCLUDE_IN_FRAMEWORK_HEADER = YES;
				CLANG_WARN_RANGE_LOOP_ANALYSIS = YES;
				CLANG_WARN_STRICT_PROTOTYPES = YES;
				CLANG_WARN_SUSPICIOUS_MOVE = YES;
				CLANG_WARN_UNGUARDED_AVAILABILITY = YES_AGGRESSIVE;
				CLANG_WARN_UNREACHABLE_CODE = YES;
				CLANG_WARN__DUPLICATE_METHOD_MATCH = YES;
				COPY_PHASE_STRIP = NO;
				DEBUG_INFORMATION_FORMAT = "dwarf-with-dsym";
				ENABLE_NS_ASSERTIONS = NO;
				ENABLE_STRICT_OBJC_MSGSEND = YES;
				ENABLE_USER_SCRIPT_SANDBOXING = YES;
				GCC_C_LANGUAGE_STANDARD = gnu17;
				GCC_NO_COMMON_BLOCKS = YES;
				GCC_WARN_64_TO_32_BIT_CONVERSION = YES;
				GCC_WARN_ABOUT_RETURN_TYPE = YES_ERROR;
				GCC_WARN_UNDECLARED_SELECTOR = YES;
				GCC_WARN_UNINITIALIZED_AUTOS = YES_AGGRESSIVE;
				GCC_WARN_UNUSED_FUNCTION = YES;
				GCC_WARN_UNUSED_VARIABLE = YES;
				IPHONEOS_DEPLOYMENT_TARGET = 17.0;
				MTL_ENABLE_DEBUG_INFO = NO;
				MTL_FAST_MATH = YES;
				SDKROOT = iphoneos;
				SWIFT_COMPILATION_MODE = wholemodule;
				VALIDATE_PRODUCT = YES;
			};
			name = Release;
		};
		0A9000050000000000000001 /* Debug */ = {
			isa = XCBuildConfiguration;
			buildSettings = {
				ASSETCATALOG_COMPILER_APPICON_NAME = AppIcon;
				ASSETCATALOG_COMPILER_GLOBAL_ACCENT_COLOR_NAME = AccentColor;
				CODE_SIGN_ENTITLEMENTS = MyEchoAAC/MyEchoAAC.entitlements;
				CODE_SIGN_IDENTITY = "Apple Development";
				CODE_SIGN_STYLE = Automatic;
				CURRENT_PROJECT_VERSION = 1;
				DEVELOPMENT_ASSET_PATHS = "\"MyEchoAAC/Preview Content\"";
				DEVELOPMENT_TEAM = ZM63VS564M;
				ENABLE_PREVIEWS = YES;
				GENERATE_INFOPLIST_FILE = YES;
				INFOPLIST_KEY_CFBundleDisplayName = "वाणी";
				INFOPLIST_KEY_NSCameraUsageDescription = "Take a photo to use on a communication tile.";
				INFOPLIST_KEY_UILaunchScreen_Generation = YES;
				INFOPLIST_KEY_UISupportedInterfaceOrientations = "UIInterfaceOrientationPortrait UIInterfaceOrientationLandscapeLeft UIInterfaceOrientationLandscapeRight";
				INFOPLIST_KEY_UISupportedInterfaceOrientations_iPad = "UIInterfaceOrientationPortrait UIInterfaceOrientationPortraitUpsideDown UIInterfaceOrientationLandscapeLeft UIInterfaceOrientationLandscapeRight";
				IPHONEOS_DEPLOYMENT_TARGET = 17.0;
				LD_RUNPATH_SEARCH_PATHS = (
					"$(inherited)",
					"@executable_path/Frameworks",
				);
				MARKETING_VERSION = 1.0;
				PRODUCT_BUNDLE_IDENTIFIER = com.pardeepdhingra.vani;
				PRODUCT_NAME = "$(TARGET_NAME)";
				PROVISIONING_PROFILE_SPECIFIER = "";
				SWIFT_EMIT_LOC_STRINGS = YES;
				SWIFT_VERSION = 6.0;
				TARGETED_DEVICE_FAMILY = "1,2";
			};
			name = Debug;
		};
		0A9000060000000000000001 /* Release */ = {
			isa = XCBuildConfiguration;
			buildSettings = {
				ASSETCATALOG_COMPILER_APPICON_NAME = AppIcon;
				ASSETCATALOG_COMPILER_GLOBAL_ACCENT_COLOR_NAME = AccentColor;
				CODE_SIGN_ENTITLEMENTS = MyEchoAAC/MyEchoAAC.entitlements;
				CODE_SIGN_IDENTITY = "Apple Development";
				CODE_SIGN_STYLE = Automatic;
				CURRENT_PROJECT_VERSION = 1;
				DEVELOPMENT_ASSET_PATHS = "\"MyEchoAAC/Preview Content\"";
				DEVELOPMENT_TEAM = ZM63VS564M;
				ENABLE_PREVIEWS = YES;
				GENERATE_INFOPLIST_FILE = YES;
				INFOPLIST_KEY_CFBundleDisplayName = "वाणी";
				INFOPLIST_KEY_NSCameraUsageDescription = "Take a photo to use on a communication tile.";
				INFOPLIST_KEY_UILaunchScreen_Generation = YES;
				INFOPLIST_KEY_UISupportedInterfaceOrientations = "UIInterfaceOrientationPortrait UIInterfaceOrientationLandscapeLeft UIInterfaceOrientationLandscapeRight";
				INFOPLIST_KEY_UISupportedInterfaceOrientations_iPad = "UIInterfaceOrientationPortrait UIInterfaceOrientationPortraitUpsideDown UIInterfaceOrientationLandscapeLeft UIInterfaceOrientationLandscapeRight";
				IPHONEOS_DEPLOYMENT_TARGET = 17.0;
				LD_RUNPATH_SEARCH_PATHS = (
					"$(inherited)",
					"@executable_path/Frameworks",
				);
				MARKETING_VERSION = 1.0;
				PRODUCT_BUNDLE_IDENTIFIER = com.pardeepdhingra.vani;
				PRODUCT_NAME = "$(TARGET_NAME)";
				PROVISIONING_PROFILE_SPECIFIER = "";
				SWIFT_EMIT_LOC_STRINGS = YES;
				SWIFT_VERSION = 6.0;
				TARGETED_DEVICE_FAMILY = "1,2";
			};
			name = Release;
		};
		0AB900020000000000000001 /* Debug */ = {
			isa = XCBuildConfiguration;
			buildSettings = {
				BUNDLE_LOADER = "$(TEST_HOST)";
				CODE_SIGN_STYLE = Automatic;
				CURRENT_PROJECT_VERSION = 1;
				DEVELOPMENT_TEAM = ZM63VS564M;
				GENERATE_INFOPLIST_FILE = YES;
				IPHONEOS_DEPLOYMENT_TARGET = 17.0;
				MARKETING_VERSION = 1.0;
				PRODUCT_BUNDLE_IDENTIFIER = com.pardeepdhingra.vani.tests;
				PRODUCT_NAME = "$(TARGET_NAME)";
				SWIFT_EMIT_LOC_STRINGS = NO;
				SWIFT_VERSION = 6.0;
				TARGETED_DEVICE_FAMILY = "1,2";
				TEST_HOST = "$(BUILT_PRODUCTS_DIR)/MyEchoAAC.app/$(BUNDLE_EXECUTABLE_FOLDER_PATH)/MyEchoAAC";
			};
			name = Debug;
		};
		0AB900030000000000000001 /* Release */ = {
			isa = XCBuildConfiguration;
			buildSettings = {
				BUNDLE_LOADER = "$(TEST_HOST)";
				CODE_SIGN_STYLE = Automatic;
				CURRENT_PROJECT_VERSION = 1;
				DEVELOPMENT_TEAM = ZM63VS564M;
				GENERATE_INFOPLIST_FILE = YES;
				IPHONEOS_DEPLOYMENT_TARGET = 17.0;
				MARKETING_VERSION = 1.0;
				PRODUCT_BUNDLE_IDENTIFIER = com.pardeepdhingra.vani.tests;
				PRODUCT_NAME = "$(TARGET_NAME)";
				SWIFT_EMIT_LOC_STRINGS = NO;
				SWIFT_VERSION = 6.0;
				TARGETED_DEVICE_FAMILY = "1,2";
				TEST_HOST = "$(BUILT_PRODUCTS_DIR)/MyEchoAAC.app/$(BUNDLE_EXECUTABLE_FOLDER_PATH)/MyEchoAAC";
			};
			name = Release;
		};
		0AC900020000000000000001 /* Debug */ = {
			isa = XCBuildConfiguration;
			buildSettings = {
				CODE_SIGN_STYLE = Automatic;
				CURRENT_PROJECT_VERSION = 1;
				DEVELOPMENT_TEAM = ZM63VS564M;
				GENERATE_INFOPLIST_FILE = YES;
				IPHONEOS_DEPLOYMENT_TARGET = 17.0;
				MARKETING_VERSION = 1.0;
				PRODUCT_BUNDLE_IDENTIFIER = com.pardeepdhingra.vani.uitests;
				PRODUCT_NAME = "$(TARGET_NAME)";
				SWIFT_EMIT_LOC_STRINGS = NO;
				SWIFT_VERSION = 6.0;
				TARGETED_DEVICE_FAMILY = "1,2";
				TEST_TARGET_NAME = MyEchoAAC;
			};
			name = Debug;
		};
		0AC900030000000000000001 /* Release */ = {
			isa = XCBuildConfiguration;
			buildSettings = {
				CODE_SIGN_STYLE = Automatic;
				CURRENT_PROJECT_VERSION = 1;
				DEVELOPMENT_TEAM = ZM63VS564M;
				GENERATE_INFOPLIST_FILE = YES;
				IPHONEOS_DEPLOYMENT_TARGET = 17.0;
				MARKETING_VERSION = 1.0;
				PRODUCT_BUNDLE_IDENTIFIER = com.pardeepdhingra.vani.uitests;
				PRODUCT_NAME = "$(TARGET_NAME)";
				SWIFT_EMIT_LOC_STRINGS = NO;
				SWIFT_VERSION = 6.0;
				TARGETED_DEVICE_FAMILY = "1,2";
				TEST_TARGET_NAME = MyEchoAAC;
			};
			name = Release;
		};
/* End XCBuildConfiguration section */

/* Begin XCConfigurationList section */
		0A9000010000000000000001 /* Build configuration list for PBXProject "MyEchoAAC" */ = {
			isa = XCConfigurationList;
			buildConfigurations = (
				0A9000030000000000000001 /* Debug */,
				0A9000040000000000000001 /* Release */,
			);
			defaultConfigurationIsVisible = 0;
			defaultConfigurationName = Release;
		};
		0A9000020000000000000001 /* Build configuration list for PBXNativeTarget "MyEchoAAC" */ = {
			isa = XCConfigurationList;
			buildConfigurations = (
				0A9000050000000000000001 /* Debug */,
				0A9000060000000000000001 /* Release */,
			);
			defaultConfigurationIsVisible = 0;
			defaultConfigurationName = Release;
		};
		0AB900010000000000000001 /* Build configuration list for PBXNativeTarget "MyEchoAACTests" */ = {
			isa = XCConfigurationList;
			buildConfigurations = (
				0AB900020000000000000001 /* Debug */,
				0AB900030000000000000001 /* Release */,
			);
			defaultConfigurationIsVisible = 0;
			defaultConfigurationName = Release;
		};
		0AC900010000000000000001 /* Build configuration list for PBXNativeTarget "MyEchoAACUITests" */ = {
			isa = XCConfigurationList;
			buildConfigurations = (
				0AC900020000000000000001 /* Debug */,
				0AC900030000000000000001 /* Release */,
			);
			defaultConfigurationIsVisible = 0;
			defaultConfigurationName = Release;
		};
/* End XCConfigurationList section */

/* Begin XCRemoteSwiftPackageReference section */
		0AF000010000000000000001 /* XCRemoteSwiftPackageReference "firebase-ios-sdk" */ = {
			isa = XCRemoteSwiftPackageReference;
			repositoryURL = "https://github.com/firebase/firebase-ios-sdk";
			requirement = {
				kind = upToNextMajorVersion;
				minimumVersion = 11.0.0;
			};
		};
/* End XCRemoteSwiftPackageReference section */

/* Begin XCSwiftPackageProductDependency section */
		0AF000020000000000000001 /* FirebaseAuth */ = {
			isa = XCSwiftPackageProductDependency;
			package = 0AF000010000000000000001 /* XCRemoteSwiftPackageReference "firebase-ios-sdk" */;
			productName = FirebaseAuth;
		};
		0AF000030000000000000001 /* FirebaseFirestore */ = {
			isa = XCSwiftPackageProductDependency;
			package = 0AF000010000000000000001 /* XCRemoteSwiftPackageReference "firebase-ios-sdk" */;
			productName = FirebaseFirestore;
		};
		0AF000040000000000000001 /* FirebaseStorage */ = {
			isa = XCSwiftPackageProductDependency;
			package = 0AF000010000000000000001 /* XCRemoteSwiftPackageReference "firebase-ios-sdk" */;
			productName = FirebaseStorage;
		};
/* End XCSwiftPackageProductDependency section */
	};
	rootObject = 0A8000010000000000000001 /* Project object */;
}
